<?xml version="1.0" encoding="UTF-8" standalone="yes" ?>
<CodeBlocks_project_file>
	<FileVersion major="1" minor="6" />
	<Project>
		<Option title="OpenGLEngine" />
		<Option pch_mode="2" />
		<Option compiler="gcc" />
		<Option virtualFolders="src/;include/;" />
		<Build>
			<Target title="Debug">
				<Option output="bin/Debug/OpenGLEngine" prefix_auto="1" extension_auto="1" />
				<Option object_output="obj/Debug/" />
				<Option type="1" />
				<Option compiler="gcc" />
				<Compiler>
					<Add option="-std=c++14" />
					<Add option="-m64" />
					<Add option="-g" />
					<Add directory="include" />
				</Compiler>
				<Linker>
					<Add option="-m64" />
					<Add library="GL" />
					<Add library="SDL2" />
					<Add library="GLEW" />
					<Add library="assimp" />
					<Add library="SOIL" />
				</Linker>
			</Target>
			<Target title="Release">
				<Option output="bin/Release/OpenGLEngine" prefix_auto="1" extension_auto="1" />
				<Option object_output="obj/Release/" />
				<Option type="1" />
				<Option compiler="gcc" />
				<Compiler>
					<Add option="-O2" />
					<Add directory="include" />
				</Compiler>
				<Linker>
					<Add option="-s" />
				</Linker>
			</Target>
		</Build>
		<Compiler>
			<Add option="-Wall" />
			<Add option="-fexceptions" />
		</Compiler>
		<Unit filename="include/attenuation.h" />
		<Unit filename="include/baselight.h" />
		<Unit filename="include/basicshader.h" />
		<Unit filename="include/camera.h" />
		<Unit filename="include/directionallight.h" />
		<Unit filename="include/engine.h" />
		<Unit filename="include/engine_input.h" />
		<Unit filename="include/engine_time.h" />
		<Unit filename="include/game.h">
			<Option virtualFolder="include/" />
		</Unit>
		<Unit filename="include/material.h" />
		<Unit filename="include/matrix4f.h" />
		<Unit filename="include/mesh.h" />
		<Unit filename="include/phongshader.h" />
		<Unit filename="include/point_light.h" />
		<Unit filename="include/quaternion.h" />
		<Unit filename="include/render_util.h" />
		<Unit filename="include/resource_loader.h" />
		<Unit filename="include/shader.h" />
		<Unit filename="include/texture.h" />
		<Unit filename="include/transform.h" />
		<Unit filename="include/vector2f.h" />
		<Unit filename="include/vector3f.h" />
		<Unit filename="include/vertex.h" />
		<Unit filename="include/window.h" />
		<Unit filename="shaders/basicFragment.fs" />
		<Unit filename="shaders/basicVertex.vs" />
		<Unit filename="shaders/litTexture.fs" />
		<Unit filename="shaders/litTexture.vs" />
		<Unit filename="shaders/phongFragment.fs" />
		<Unit filename="shaders/phongFragmentDebug.fs" />
		<Unit filename="shaders/phongVertex.vs" />
		<Unit filename="shaders/phongVertexDebug.vs" />
		<Unit filename="src/attenuation.cpp" />
		<Unit filename="src/baselight.cpp" />
		<Unit filename="src/basicshader.cpp" />
		<Unit filename="src/camera.cpp" />
		<Unit filename="src/directionallight.cpp" />
		<Unit filename="src/engine.cpp" />
		<Unit filename="src/engine_input.cpp" />
		<Unit filename="src/engine_time.cpp" />
		<Unit filename="src/game.cpp" />
		<Unit filename="src/main.cpp" />
		<Unit filename="src/material.cpp" />
		<Unit filename="src/matrix4f.cpp" />
		<Unit filename="src/mesh.cpp" />
		<Unit filename="src/phongshader.cpp" />
		<Unit filename="src/pointlight.cpp" />
		<Unit filename="src/quaternion.cpp" />
		<Unit filename="src/render_util.cpp" />
		<Unit filename="src/resource_loader.cpp" />
		<Unit filename="src/shader.cpp" />
		<Unit filename="src/texture.cpp" />
		<Unit filename="src/transform.cpp" />
		<Unit filename="src/vector2f.cpp" />
		<Unit filename="src/vector3f.cpp" />
		<Unit filename="src/vertex.cpp" />
		<Unit filename="src/window.cpp" />
		<Extensions>
			<envvars />
			<code_completion />
			<lib_finder disable_auto="1" />
			<debugger />
		</Extensions>
	</Project>
</CodeBlocks_project_file>
